
Microsoft Visual Studio Solution File, Format Version 12.00
# Visual Studio Version 17
VisualStudioVersion = 17.1.32421.90
MinimumVisualStudioVersion = 10.0.40219.1
Project("{9A19103F-16F7-4668-BE54-9A1E7A4F7556}") = "AngelDLP", "AngelDLP.csproj", "{ED33F403-99B5-4A80-AF28-808CD8E6D596}"
EndProject
Project("{2150E333-8FDC-42A3-9474-1A3956D46DE8}") = "agg-sharp", "agg-sharp", "{541B289F-EEAD-480B-B410-35844A4856EF}"
EndProject
Project("{2150E333-8FDC-42A3-9474-1A3956D46DE8}") = "Typography", "Typography", "{DE315639-93C5-43DB-96EC-EF794C0E2800}"
EndProject
Project("{9A19103F-16F7-4668-BE54-9A1E7A4F7556}") = "Typography.One", "Submodules\agg-sharp\Typography\Typography.One\Typography.One.csproj", "{E42B0F09-C460-463C-8CF3-B52BC2204A8A}"
EndProject
Project("{D954291E-2A0B-460D-934E-DC6B0785DB48}") = "Typography.GlyphLayout", "Submodules\agg-sharp\Typography\Typography.GlyphLayout\Typography.GlyphLayout.shproj", "{D8861CF8-C506-472B-8A57-632BD6CA6496}"
EndProject
Project("{D954291E-2A0B-460D-934E-DC6B0785DB48}") = "Typography.OpenFont", "Submodules\agg-sharp\Typography\Typography.OpenFont\Typography.OpenFont.shproj", "{235A071B-8D06-40AE-A5C5-B1CE59715EE9}"
EndProject
Project("{9A19103F-16F7-4668-BE54-9A1E7A4F7556}") = "Agg", "Submodules\agg-sharp\agg\Agg.csproj", "{C7D35CB9-027C-411B-B9DA-82E032B657FD}"
EndProject
Project("{9A19103F-16F7-4668-BE54-9A1E7A4F7556}") = "clipper_library", "Submodules\agg-sharp\clipper_library\clipper_library.csproj", "{4225D4F0-1A59-4A1A-A63E-3222E67D5D02}"
EndProject
Project("{9A19103F-16F7-4668-BE54-9A1E7A4F7556}") = "Csg", "Submodules\agg-sharp\Csg\Csg.csproj", "{92D265DC-6882-4010-8097-59760E86E5AC}"
EndProject
Project("{9A19103F-16F7-4668-BE54-9A1E7A4F7556}") = "DataConverters2D", "Submodules\agg-sharp\DataConverters2D\DataConverters2D.csproj", "{4E9CDCCB-EF09-4718-B180-FEB9E27B53AD}"
EndProject
Project("{9A19103F-16F7-4668-BE54-9A1E7A4F7556}") = "DataConverters3D", "Submodules\agg-sharp\DataConverters3D\DataConverters3D.csproj", "{2B8FF4C2-64CF-47A9-AEC5-8A803F695F39}"
EndProject
Project("{9A19103F-16F7-4668-BE54-9A1E7A4F7556}") = "GLFW.NETStandard", "Submodules\agg-sharp\glfw-net\GLFW.NET\GLFW.NETStandard.csproj", "{F42AFF2B-842C-4794-826A-40268176698C}"
EndProject
Project("{9A19103F-16F7-4668-BE54-9A1E7A4F7556}") = "GlfwProvider", "Submodules\agg-sharp\Glfw\GlfwProvider.csproj", "{DDA492B2-222E-4C74-85D4-61BD4BBB3DF6}"
EndProject
Project("{9A19103F-16F7-4668-BE54-9A1E7A4F7556}") = "Gui", "Submodules\agg-sharp\Gui\Gui.csproj", "{7C258C97-87D3-467B-A274-26C13072F041}"
EndProject
Project("{9A19103F-16F7-4668-BE54-9A1E7A4F7556}") = "GuiAutomation", "Submodules\agg-sharp\GuiAutomation\GuiAutomation.csproj", "{B70E80DA-57B2-47FA-B053-21F784869E77}"
EndProject
Project("{9A19103F-16F7-4668-BE54-9A1E7A4F7556}") = "ImageProcessing", "Submodules\agg-sharp\ImageProcessing\ImageProcessing.csproj", "{8DD5337C-4D84-42F1-B896-80300DE92D32}"
EndProject
Project("{9A19103F-16F7-4668-BE54-9A1E7A4F7556}") = "Localizations", "Submodules\agg-sharp\Localizations\Localizations.csproj", "{4E15791E-E438-46F8-B0F5-EE729BD0F054}"
EndProject
Project("{9A19103F-16F7-4668-BE54-9A1E7A4F7556}") = "MarchingSquares", "Submodules\agg-sharp\MarchingSquares\MarchingSquares.csproj", "{82E4395A-C745-434A-9DCD-018518E12218}"
EndProject
Project("{9A19103F-16F7-4668-BE54-9A1E7A4F7556}") = "MeshThumbnails", "Submodules\agg-sharp\MeshThumbnails\MeshThumbnails\MeshThumbnails.csproj", "{1F0E7AC9-8789-4B7C-B59C-7090C6C014B5}"
EndProject
Project("{9A19103F-16F7-4668-BE54-9A1E7A4F7556}") = "Net3dBool", "Submodules\agg-sharp\PolygonMesh\Net3dBool\Net3dBool.csproj", "{57DF6EA0-D23F-4BFC-88F5-E50938D9265B}"
EndProject
Project("{9A19103F-16F7-4668-BE54-9A1E7A4F7556}") = "PlatformWin32", "Submodules\agg-sharp\PlatformWin32\PlatformWin32.csproj", "{42FF6B4C-E85D-4A4A-89BB-008F03753E78}"
EndProject
Project("{9A19103F-16F7-4668-BE54-9A1E7A4F7556}") = "PolygonMesh", "Submodules\agg-sharp\PolygonMesh\PolygonMesh.csproj", "{4B797E53-4E42-463D-BB83-A9192D4D3DE0}"
EndProject
Project("{9A19103F-16F7-4668-BE54-9A1E7A4F7556}") = "RayTracer", "Submodules\agg-sharp\RayTracer\RayTracer.csproj", "{B4C25303-98AD-45F8-9447-BAEB3454A96E}"
EndProject
Project("{9A19103F-16F7-4668-BE54-9A1E7A4F7556}") = "RenderOpenGl", "Submodules\agg-sharp\RenderOpenGl\RenderOpenGl.csproj", "{0D9D5309-C2DB-40C3-ABE7-3148B70E9438}"
EndProject
Project("{9A19103F-16F7-4668-BE54-9A1E7A4F7556}") = "Tesselate", "Submodules\agg-sharp\Tesselate\Tesselate.csproj", "{44750167-19F8-4097-9A63-D9B12804FE59}"
EndProject
Project("{9A19103F-16F7-4668-BE54-9A1E7A4F7556}") = "VectorMath", "Submodules\agg-sharp\VectorMath\VectorMath.csproj", "{AB76FE58-CCF0-4FA7-B2DB-F7590739686E}"
EndProject
Project("{2150E333-8FDC-42A3-9474-1A3956D46DE8}") = "gsSlicer", "gsSlicer", "{07D15FA2-61FD-4BF6-BCD7-DCB2B8F6C6AF}"
EndProject
Project("{9A19103F-16F7-4668-BE54-9A1E7A4F7556}") = "gsSlicer", "Submodules\gsSlicer\gsSlicer.csproj", "{87A5E86C-6249-405D-A31A-DA3A52622C58}"
EndProject
Project("{9A19103F-16F7-4668-BE54-9A1E7A4F7556}") = "geometry3Sharp", "Submodules\geometry3Sharp\geometry3Sharp.csproj", "{BFC92DAD-A5B4-4DC9-A516-41BBEC5E63BD}"
EndProject
Project("{9A19103F-16F7-4668-BE54-9A1E7A4F7556}") = "clipper_library", "Submodules\gsSlicer\thirdparty\clipper_library\clipper_library.csproj", "{0E042BE9-DA34-4C7C-AB10-4BBF6086364C}"
EndProject
Project("{9A19103F-16F7-4668-BE54-9A1E7A4F7556}") = "gsGCode", "Submodules\gsGCode\gsGCode.csproj", "{3B1BD2C0-2645-47F0-A8DB-6D89853E3B92}"
EndProject
Project("{9A19103F-16F7-4668-BE54-9A1E7A4F7556}") = "UsingCompositeCommands.Core", "Submodules\UsingCompositeCommands.Core\UsingCompositeCommands.Core.csproj", "{AC1542FC-DFE7-427B-84A0-A4461747D224}"
EndProject
Project("{FAE04EC0-301F-11D3-BF4B-00C04F79EFBC}") = "Cypress", "Submodules\Cypress\Cypress.csproj", "{AD225BBB-1832-40AB-8AF5-A780ABA9911C}"
EndProject
Project("{FAE04EC0-301F-11D3-BF4B-00C04F79EFBC}") = "Ddp442x", "Submodules\Ddp442x\Ddp442x.csproj", "{D4C4C1CB-8F74-4DD3-82E0-64438CC243EE}"
EndProject
Project("{FAE04EC0-301F-11D3-BF4B-00C04F79EFBC}") = "DataService", "DataService\DataService.csproj", "{1D4CC996-F7E6-4E01-B048-6FFF61D81383}"
EndProject
Project("{54435603-DBB4-11D2-8724-00A0C9A8B90C}") = "AngelDLP安装程序", "AngelDLP安装程序\AngelDLP安装程序.vdproj", "{49CBCE09-3911-4DDA-A767-67B8CBB61397}"
EndProject
Project("{FAE04EC0-301F-11D3-BF4B-00C04F79EFBC}") = "AngelModelPreprocess", "AngelModelPreprocess\AngelModelPreprocess.csproj", "{F2915467-6A95-4229-A194-9FF9E6221730}"
EndProject
Global
	GlobalSection(SolutionConfigurationPlatforms) = preSolution
		Debug|Any CPU = Debug|Any CPU
		Debug|x64 = Debug|x64
		Debug|x86 = Debug|x86
		Release|Any CPU = Release|Any CPU
		Release|x64 = Release|x64
		Release|x86 = Release|x86
	EndGlobalSection
	GlobalSection(ProjectConfigurationPlatforms) = postSolution
		{ED33F403-99B5-4A80-AF28-808CD8E6D596}.Debug|Any CPU.ActiveCfg = Debug|Any CPU
		{ED33F403-99B5-4A80-AF28-808CD8E6D596}.Debug|Any CPU.Build.0 = Debug|Any CPU
		{ED33F403-99B5-4A80-AF28-808CD8E6D596}.Debug|x64.ActiveCfg = Debug|Any CPU
		{ED33F403-99B5-4A80-AF28-808CD8E6D596}.Debug|x64.Build.0 = Debug|Any CPU
		{ED33F403-99B5-4A80-AF28-808CD8E6D596}.Debug|x86.ActiveCfg = Debug|Any CPU
		{ED33F403-99B5-4A80-AF28-808CD8E6D596}.Debug|x86.Build.0 = Debug|Any CPU
		{ED33F403-99B5-4A80-AF28-808CD8E6D596}.Release|Any CPU.ActiveCfg = Release|Any CPU
		{ED33F403-99B5-4A80-AF28-808CD8E6D596}.Release|Any CPU.Build.0 = Release|Any CPU
		{ED33F403-99B5-4A80-AF28-808CD8E6D596}.Release|x64.ActiveCfg = Release|x64
		{ED33F403-99B5-4A80-AF28-808CD8E6D596}.Release|x64.Build.0 = Release|x64
		{ED33F403-99B5-4A80-AF28-808CD8E6D596}.Release|x86.ActiveCfg = Release|Any CPU
		{ED33F403-99B5-4A80-AF28-808CD8E6D596}.Release|x86.Build.0 = Release|Any CPU
		{E42B0F09-C460-463C-8CF3-B52BC2204A8A}.Debug|Any CPU.ActiveCfg = Debug|Any CPU
		{E42B0F09-C460-463C-8CF3-B52BC2204A8A}.Debug|Any CPU.Build.0 = Debug|Any CPU
		{E42B0F09-C460-463C-8CF3-B52BC2204A8A}.Debug|x64.ActiveCfg = Debug|Any CPU
		{E42B0F09-C460-463C-8CF3-B52BC2204A8A}.Debug|x64.Build.0 = Debug|Any CPU
		{E42B0F09-C460-463C-8CF3-B52BC2204A8A}.Debug|x86.ActiveCfg = Debug|Any CPU
		{E42B0F09-C460-463C-8CF3-B52BC2204A8A}.Debug|x86.Build.0 = Debug|Any CPU
		{E42B0F09-C460-463C-8CF3-B52BC2204A8A}.Release|Any CPU.ActiveCfg = Release|Any CPU
		{E42B0F09-C460-463C-8CF3-B52BC2204A8A}.Release|Any CPU.Build.0 = Release|Any CPU
		{E42B0F09-C460-463C-8CF3-B52BC2204A8A}.Release|x64.ActiveCfg = Release|Any CPU
		{E42B0F09-C460-463C-8CF3-B52BC2204A8A}.Release|x64.Build.0 = Release|Any CPU
		{E42B0F09-C460-463C-8CF3-B52BC2204A8A}.Release|x86.ActiveCfg = Release|Any CPU
		{E42B0F09-C460-463C-8CF3-B52BC2204A8A}.Release|x86.Build.0 = Release|Any CPU
		{C7D35CB9-027C-411B-B9DA-82E032B657FD}.Debug|Any CPU.ActiveCfg = Debug|Any CPU
		{C7D35CB9-027C-411B-B9DA-82E032B657FD}.Debug|Any CPU.Build.0 = Debug|Any CPU
		{C7D35CB9-027C-411B-B9DA-82E032B657FD}.Debug|x64.ActiveCfg = Debug|Any CPU
		{C7D35CB9-027C-411B-B9DA-82E032B657FD}.Debug|x64.Build.0 = Debug|Any CPU
		{C7D35CB9-027C-411B-B9DA-82E032B657FD}.Debug|x86.ActiveCfg = Debug|Any CPU
		{C7D35CB9-027C-411B-B9DA-82E032B657FD}.Debug|x86.Build.0 = Debug|Any CPU
		{C7D35CB9-027C-411B-B9DA-82E032B657FD}.Release|Any CPU.ActiveCfg = Release|Any CPU
		{C7D35CB9-027C-411B-B9DA-82E032B657FD}.Release|Any CPU.Build.0 = Release|Any CPU
		{C7D35CB9-027C-411B-B9DA-82E032B657FD}.Release|x64.ActiveCfg = Release|Any CPU
		{C7D35CB9-027C-411B-B9DA-82E032B657FD}.Release|x64.Build.0 = Release|Any CPU
		{C7D35CB9-027C-411B-B9DA-82E032B657FD}.Release|x86.ActiveCfg = Release|Any CPU
		{C7D35CB9-027C-411B-B9DA-82E032B657FD}.Release|x86.Build.0 = Release|Any CPU
		{4225D4F0-1A59-4A1A-A63E-3222E67D5D02}.Debug|Any CPU.ActiveCfg = Debug|Any CPU
		{4225D4F0-1A59-4A1A-A63E-3222E67D5D02}.Debug|Any CPU.Build.0 = Debug|Any CPU
		{4225D4F0-1A59-4A1A-A63E-3222E67D5D02}.Debug|x64.ActiveCfg = Debug|Any CPU
		{4225D4F0-1A59-4A1A-A63E-3222E67D5D02}.Debug|x64.Build.0 = Debug|Any CPU
		{4225D4F0-1A59-4A1A-A63E-3222E67D5D02}.Debug|x86.ActiveCfg = Debug|Any CPU
		{4225D4F0-1A59-4A1A-A63E-3222E67D5D02}.Debug|x86.Build.0 = Debug|Any CPU
		{4225D4F0-1A59-4A1A-A63E-3222E67D5D02}.Release|Any CPU.ActiveCfg = Release|Any CPU
		{4225D4F0-1A59-4A1A-A63E-3222E67D5D02}.Release|Any CPU.Build.0 = Release|Any CPU
		{4225D4F0-1A59-4A1A-A63E-3222E67D5D02}.Release|x64.ActiveCfg = Release|Any CPU
		{4225D4F0-1A59-4A1A-A63E-3222E67D5D02}.Release|x64.Build.0 = Release|Any CPU
		{4225D4F0-1A59-4A1A-A63E-3222E67D5D02}.Release|x86.ActiveCfg = Release|Any CPU
		{4225D4F0-1A59-4A1A-A63E-3222E67D5D02}.Release|x86.Build.0 = Release|Any CPU
		{92D265DC-6882-4010-8097-59760E86E5AC}.Debug|Any CPU.ActiveCfg = Debug|Any CPU
		{92D265DC-6882-4010-8097-59760E86E5AC}.Debug|Any CPU.Build.0 = Debug|Any CPU
		{92D265DC-6882-4010-8097-59760E86E5AC}.Debug|x64.ActiveCfg = Debug|Any CPU
		{92D265DC-6882-4010-8097-59760E86E5AC}.Debug|x64.Build.0 = Debug|Any CPU
		{92D265DC-6882-4010-8097-59760E86E5AC}.Debug|x86.ActiveCfg = Debug|Any CPU
		{92D265DC-6882-4010-8097-59760E86E5AC}.Debug|x86.Build.0 = Debug|Any CPU
		{92D265DC-6882-4010-8097-59760E86E5AC}.Release|Any CPU.ActiveCfg = Release|Any CPU
		{92D265DC-6882-4010-8097-59760E86E5AC}.Release|Any CPU.Build.0 = Release|Any CPU
		{92D265DC-6882-4010-8097-59760E86E5AC}.Release|x64.ActiveCfg = Release|Any CPU
		{92D265DC-6882-4010-8097-59760E86E5AC}.Release|x64.Build.0 = Release|Any CPU
		{92D265DC-6882-4010-8097-59760E86E5AC}.Release|x86.ActiveCfg = Release|Any CPU
		{92D265DC-6882-4010-8097-59760E86E5AC}.Release|x86.Build.0 = Release|Any CPU
		{4E9CDCCB-EF09-4718-B180-FEB9E27B53AD}.Debug|Any CPU.ActiveCfg = Debug|Any CPU
		{4E9CDCCB-EF09-4718-B180-FEB9E27B53AD}.Debug|Any CPU.Build.0 = Debug|Any CPU
		{4E9CDCCB-EF09-4718-B180-FEB9E27B53AD}.Debug|x64.ActiveCfg = Debug|Any CPU
		{4E9CDCCB-EF09-4718-B180-FEB9E27B53AD}.Debug|x64.Build.0 = Debug|Any CPU
		{4E9CDCCB-EF09-4718-B180-FEB9E27B53AD}.Debug|x86.ActiveCfg = Debug|Any CPU
		{4E9CDCCB-EF09-4718-B180-FEB9E27B53AD}.Debug|x86.Build.0 = Debug|Any CPU
		{4E9CDCCB-EF09-4718-B180-FEB9E27B53AD}.Release|Any CPU.ActiveCfg = Release|Any CPU
		{4E9CDCCB-EF09-4718-B180-FEB9E27B53AD}.Release|Any CPU.Build.0 = Release|Any CPU
		{4E9CDCCB-EF09-4718-B180-FEB9E27B53AD}.Release|x64.ActiveCfg = Release|Any CPU
		{4E9CDCCB-EF09-4718-B180-FEB9E27B53AD}.Release|x64.Build.0 = Release|Any CPU
		{4E9CDCCB-EF09-4718-B180-FEB9E27B53AD}.Release|x86.ActiveCfg = Release|Any CPU
		{4E9CDCCB-EF09-4718-B180-FEB9E27B53AD}.Release|x86.Build.0 = Release|Any CPU
		{2B8FF4C2-64CF-47A9-AEC5-8A803F695F39}.Debug|Any CPU.ActiveCfg = Debug|Any CPU
		{2B8FF4C2-64CF-47A9-AEC5-8A803F695F39}.Debug|Any CPU.Build.0 = Debug|Any CPU
		{2B8FF4C2-64CF-47A9-AEC5-8A803F695F39}.Debug|x64.ActiveCfg = Debug|Any CPU
		{2B8FF4C2-64CF-47A9-AEC5-8A803F695F39}.Debug|x64.Build.0 = Debug|Any CPU
		{2B8FF4C2-64CF-47A9-AEC5-8A803F695F39}.Debug|x86.ActiveCfg = Debug|Any CPU
		{2B8FF4C2-64CF-47A9-AEC5-8A803F695F39}.Debug|x86.Build.0 = Debug|Any CPU
		{2B8FF4C2-64CF-47A9-AEC5-8A803F695F39}.Release|Any CPU.ActiveCfg = Release|Any CPU
		{2B8FF4C2-64CF-47A9-AEC5-8A803F695F39}.Release|Any CPU.Build.0 = Release|Any CPU
		{2B8FF4C2-64CF-47A9-AEC5-8A803F695F39}.Release|x64.ActiveCfg = Release|Any CPU
		{2B8FF4C2-64CF-47A9-AEC5-8A803F695F39}.Release|x64.Build.0 = Release|Any CPU
		{2B8FF4C2-64CF-47A9-AEC5-8A803F695F39}.Release|x86.ActiveCfg = Release|Any CPU
		{2B8FF4C2-64CF-47A9-AEC5-8A803F695F39}.Release|x86.Build.0 = Release|Any CPU
		{F42AFF2B-842C-4794-826A-40268176698C}.Debug|Any CPU.ActiveCfg = Debug|Any CPU
		{F42AFF2B-842C-4794-826A-40268176698C}.Debug|Any CPU.Build.0 = Debug|Any CPU
		{F42AFF2B-842C-4794-826A-40268176698C}.Debug|x64.ActiveCfg = Debug|Any CPU
		{F42AFF2B-842C-4794-826A-40268176698C}.Debug|x64.Build.0 = Debug|Any CPU
		{F42AFF2B-842C-4794-826A-40268176698C}.Debug|x86.ActiveCfg = Debug|Any CPU
		{F42AFF2B-842C-4794-826A-40268176698C}.Debug|x86.Build.0 = Debug|Any CPU
		{F42AFF2B-842C-4794-826A-40268176698C}.Release|Any CPU.ActiveCfg = Release|Any CPU
		{F42AFF2B-842C-4794-826A-40268176698C}.Release|Any CPU.Build.0 = Release|Any CPU
		{F42AFF2B-842C-4794-826A-40268176698C}.Release|x64.ActiveCfg = Release|Any CPU
		{F42AFF2B-842C-4794-826A-40268176698C}.Release|x64.Build.0 = Release|Any CPU
		{F42AFF2B-842C-4794-826A-40268176698C}.Release|x86.ActiveCfg = Release|Any CPU
		{F42AFF2B-842C-4794-826A-40268176698C}.Release|x86.Build.0 = Release|Any CPU
		{DDA492B2-222E-4C74-85D4-61BD4BBB3DF6}.Debug|Any CPU.ActiveCfg = Debug|Any CPU
		{DDA492B2-222E-4C74-85D4-61BD4BBB3DF6}.Debug|Any CPU.Build.0 = Debug|Any CPU
		{DDA492B2-222E-4C74-85D4-61BD4BBB3DF6}.Debug|x64.ActiveCfg = Debug|Any CPU
		{DDA492B2-222E-4C74-85D4-61BD4BBB3DF6}.Debug|x64.Build.0 = Debug|Any CPU
		{DDA492B2-222E-4C74-85D4-61BD4BBB3DF6}.Debug|x86.ActiveCfg = Debug|Any CPU
		{DDA492B2-222E-4C74-85D4-61BD4BBB3DF6}.Debug|x86.Build.0 = Debug|Any CPU
		{DDA492B2-222E-4C74-85D4-61BD4BBB3DF6}.Release|Any CPU.ActiveCfg = Release|Any CPU
		{DDA492B2-222E-4C74-85D4-61BD4BBB3DF6}.Release|Any CPU.Build.0 = Release|Any CPU
		{DDA492B2-222E-4C74-85D4-61BD4BBB3DF6}.Release|x64.ActiveCfg = Release|Any CPU
		{DDA492B2-222E-4C74-85D4-61BD4BBB3DF6}.Release|x64.Build.0 = Release|Any CPU
		{DDA492B2-222E-4C74-85D4-61BD4BBB3DF6}.Release|x86.ActiveCfg = Release|Any CPU
		{DDA492B2-222E-4C74-85D4-61BD4BBB3DF6}.Release|x86.Build.0 = Release|Any CPU
		{7C258C97-87D3-467B-A274-26C13072F041}.Debug|Any CPU.ActiveCfg = Debug|Any CPU
		{7C258C97-87D3-467B-A274-26C13072F041}.Debug|Any CPU.Build.0 = Debug|Any CPU
		{7C258C97-87D3-467B-A274-26C13072F041}.Debug|x64.ActiveCfg = Debug|Any CPU
		{7C258C97-87D3-467B-A274-26C13072F041}.Debug|x64.Build.0 = Debug|Any CPU
		{7C258C97-87D3-467B-A274-26C13072F041}.Debug|x86.ActiveCfg = Debug|Any CPU
		{7C258C97-87D3-467B-A274-26C13072F041}.Debug|x86.Build.0 = Debug|Any CPU
		{7C258C97-87D3-467B-A274-26C13072F041}.Release|Any CPU.ActiveCfg = Release|Any CPU
		{7C258C97-87D3-467B-A274-26C13072F041}.Release|Any CPU.Build.0 = Release|Any CPU
		{7C258C97-87D3-467B-A274-26C13072F041}.Release|x64.ActiveCfg = Release|Any CPU
		{7C258C97-87D3-467B-A274-26C13072F041}.Release|x64.Build.0 = Release|Any CPU
		{7C258C97-87D3-467B-A274-26C13072F041}.Release|x86.ActiveCfg = Release|Any CPU
		{7C258C97-87D3-467B-A274-26C13072F041}.Release|x86.Build.0 = Release|Any CPU
		{B70E80DA-57B2-47FA-B053-21F784869E77}.Debug|Any CPU.ActiveCfg = Debug|Any CPU
		{B70E80DA-57B2-47FA-B053-21F784869E77}.Debug|Any CPU.Build.0 = Debug|Any CPU
		{B70E80DA-57B2-47FA-B053-21F784869E77}.Debug|x64.ActiveCfg = Debug|Any CPU
		{B70E80DA-57B2-47FA-B053-21F784869E77}.Debug|x64.Build.0 = Debug|Any CPU
		{B70E80DA-57B2-47FA-B053-21F784869E77}.Debug|x86.ActiveCfg = Debug|Any CPU
		{B70E80DA-57B2-47FA-B053-21F784869E77}.Debug|x86.Build.0 = Debug|Any CPU
		{B70E80DA-57B2-47FA-B053-21F784869E77}.Release|Any CPU.ActiveCfg = Release|Any CPU
		{B70E80DA-57B2-47FA-B053-21F784869E77}.Release|Any CPU.Build.0 = Release|Any CPU
		{B70E80DA-57B2-47FA-B053-21F784869E77}.Release|x64.ActiveCfg = Release|Any CPU
		{B70E80DA-57B2-47FA-B053-21F784869E77}.Release|x64.Build.0 = Release|Any CPU
		{B70E80DA-57B2-47FA-B053-21F784869E77}.Release|x86.ActiveCfg = Release|Any CPU
		{B70E80DA-57B2-47FA-B053-21F784869E77}.Release|x86.Build.0 = Release|Any CPU
		{8DD5337C-4D84-42F1-B896-80300DE92D32}.Debug|Any CPU.ActiveCfg = Debug|Any CPU
		{8DD5337C-4D84-42F1-B896-80300DE92D32}.Debug|Any CPU.Build.0 = Debug|Any CPU
		{8DD5337C-4D84-42F1-B896-80300DE92D32}.Debug|x64.ActiveCfg = Debug|Any CPU
		{8DD5337C-4D84-42F1-B896-80300DE92D32}.Debug|x64.Build.0 = Debug|Any CPU
		{8DD5337C-4D84-42F1-B896-80300DE92D32}.Debug|x86.ActiveCfg = Debug|Any CPU
		{8DD5337C-4D84-42F1-B896-80300DE92D32}.Debug|x86.Build.0 = Debug|Any CPU
		{8DD5337C-4D84-42F1-B896-80300DE92D32}.Release|Any CPU.ActiveCfg = Release|Any CPU
		{8DD5337C-4D84-42F1-B896-80300DE92D32}.Release|Any CPU.Build.0 = Release|Any CPU
		{8DD5337C-4D84-42F1-B896-80300DE92D32}.Release|x64.ActiveCfg = Release|Any CPU
		{8DD5337C-4D84-42F1-B896-80300DE92D32}.Release|x64.Build.0 = Release|Any CPU
		{8DD5337C-4D84-42F1-B896-80300DE92D32}.Release|x86.ActiveCfg = Release|Any CPU
		{8DD5337C-4D84-42F1-B896-80300DE92D32}.Release|x86.Build.0 = Release|Any CPU
		{4E15791E-E438-46F8-B0F5-EE729BD0F054}.Debug|Any CPU.ActiveCfg = Debug|Any CPU
		{4E15791E-E438-46F8-B0F5-EE729BD0F054}.Debug|Any CPU.Build.0 = Debug|Any CPU
		{4E15791E-E438-46F8-B0F5-EE729BD0F054}.Debug|x64.ActiveCfg = Debug|Any CPU
		{4E15791E-E438-46F8-B0F5-EE729BD0F054}.Debug|x64.Build.0 = Debug|Any CPU
		{4E15791E-E438-46F8-B0F5-EE729BD0F054}.Debug|x86.ActiveCfg = Debug|Any CPU
		{4E15791E-E438-46F8-B0F5-EE729BD0F054}.Debug|x86.Build.0 = Debug|Any CPU
		{4E15791E-E438-46F8-B0F5-EE729BD0F054}.Release|Any CPU.ActiveCfg = Release|Any CPU
		{4E15791E-E438-46F8-B0F5-EE729BD0F054}.Release|Any CPU.Build.0 = Release|Any CPU
		{4E15791E-E438-46F8-B0F5-EE729BD0F054}.Release|x64.ActiveCfg = Release|Any CPU
		{4E15791E-E438-46F8-B0F5-EE729BD0F054}.Release|x64.Build.0 = Release|Any CPU
		{4E15791E-E438-46F8-B0F5-EE729BD0F054}.Release|x86.ActiveCfg = Release|Any CPU
		{4E15791E-E438-46F8-B0F5-EE729BD0F054}.Release|x86.Build.0 = Release|Any CPU
		{82E4395A-C745-434A-9DCD-018518E12218}.Debug|Any CPU.ActiveCfg = Debug|Any CPU
		{82E4395A-C745-434A-9DCD-018518E12218}.Debug|Any CPU.Build.0 = Debug|Any CPU
		{82E4395A-C745-434A-9DCD-018518E12218}.Debug|x64.ActiveCfg = Debug|Any CPU
		{82E4395A-C745-434A-9DCD-018518E12218}.Debug|x64.Build.0 = Debug|Any CPU
		{82E4395A-C745-434A-9DCD-018518E12218}.Debug|x86.ActiveCfg = Debug|Any CPU
		{82E4395A-C745-434A-9DCD-018518E12218}.Debug|x86.Build.0 = Debug|Any CPU
		{82E4395A-C745-434A-9DCD-018518E12218}.Release|Any CPU.ActiveCfg = Release|Any CPU
		{82E4395A-C745-434A-9DCD-018518E12218}.Release|Any CPU.Build.0 = Release|Any CPU
		{82E4395A-C745-434A-9DCD-018518E12218}.Release|x64.ActiveCfg = Release|Any CPU
		{82E4395A-C745-434A-9DCD-018518E12218}.Release|x64.Build.0 = Release|Any CPU
		{82E4395A-C745-434A-9DCD-018518E12218}.Release|x86.ActiveCfg = Release|Any CPU
		{82E4395A-C745-434A-9DCD-018518E12218}.Release|x86.Build.0 = Release|Any CPU
		{1F0E7AC9-8789-4B7C-B59C-7090C6C014B5}.Debug|Any CPU.ActiveCfg = Debug|Any CPU
		{1F0E7AC9-8789-4B7C-B59C-7090C6C014B5}.Debug|Any CPU.Build.0 = Debug|Any CPU
		{1F0E7AC9-8789-4B7C-B59C-7090C6C014B5}.Debug|x64.ActiveCfg = Debug|Any CPU
		{1F0E7AC9-8789-4B7C-B59C-7090C6C014B5}.Debug|x64.Build.0 = Debug|Any CPU
		{1F0E7AC9-8789-4B7C-B59C-7090C6C014B5}.Debug|x86.ActiveCfg = Debug|Any CPU
		{1F0E7AC9-8789-4B7C-B59C-7090C6C014B5}.Debug|x86.Build.0 = Debug|Any CPU
		{1F0E7AC9-8789-4B7C-B59C-7090C6C014B5}.Release|Any CPU.ActiveCfg = Release|Any CPU
		{1F0E7AC9-8789-4B7C-B59C-7090C6C014B5}.Release|Any CPU.Build.0 = Release|Any CPU
		{1F0E7AC9-8789-4B7C-B59C-7090C6C014B5}.Release|x64.ActiveCfg = Release|Any CPU
		{1F0E7AC9-8789-4B7C-B59C-7090C6C014B5}.Release|x64.Build.0 = Release|Any CPU
		{1F0E7AC9-8789-4B7C-B59C-7090C6C014B5}.Release|x86.ActiveCfg = Release|Any CPU
		{1F0E7AC9-8789-4B7C-B59C-7090C6C014B5}.Release|x86.Build.0 = Release|Any CPU
		{57DF6EA0-D23F-4BFC-88F5-E50938D9265B}.Debug|Any CPU.ActiveCfg = Debug|Any CPU
		{57DF6EA0-D23F-4BFC-88F5-E50938D9265B}.Debug|Any CPU.Build.0 = Debug|Any CPU
		{57DF6EA0-D23F-4BFC-88F5-E50938D9265B}.Debug|x64.ActiveCfg = Debug|Any CPU
		{57DF6EA0-D23F-4BFC-88F5-E50938D9265B}.Debug|x64.Build.0 = Debug|Any CPU
		{57DF6EA0-D23F-4BFC-88F5-E50938D9265B}.Debug|x86.ActiveCfg = Debug|Any CPU
		{57DF6EA0-D23F-4BFC-88F5-E50938D9265B}.Debug|x86.Build.0 = Debug|Any CPU
		{57DF6EA0-D23F-4BFC-88F5-E50938D9265B}.Release|Any CPU.ActiveCfg = Release|Any CPU
		{57DF6EA0-D23F-4BFC-88F5-E50938D9265B}.Release|Any CPU.Build.0 = Release|Any CPU
		{57DF6EA0-D23F-4BFC-88F5-E50938D9265B}.Release|x64.ActiveCfg = Release|Any CPU
		{57DF6EA0-D23F-4BFC-88F5-E50938D9265B}.Release|x64.Build.0 = Release|Any CPU
		{57DF6EA0-D23F-4BFC-88F5-E50938D9265B}.Release|x86.ActiveCfg = Release|Any CPU
		{57DF6EA0-D23F-4BFC-88F5-E50938D9265B}.Release|x86.Build.0 = Release|Any CPU
		{42FF6B4C-E85D-4A4A-89BB-008F03753E78}.Debug|Any CPU.ActiveCfg = Debug|Any CPU
		{42FF6B4C-E85D-4A4A-89BB-008F03753E78}.Debug|Any CPU.Build.0 = Debug|Any CPU
		{42FF6B4C-E85D-4A4A-89BB-008F03753E78}.Debug|x64.ActiveCfg = Debug|Any CPU
		{42FF6B4C-E85D-4A4A-89BB-008F03753E78}.Debug|x64.Build.0 = Debug|Any CPU
		{42FF6B4C-E85D-4A4A-89BB-008F03753E78}.Debug|x86.ActiveCfg = Debug|Any CPU
		{42FF6B4C-E85D-4A4A-89BB-008F03753E78}.Debug|x86.Build.0 = Debug|Any CPU
		{42FF6B4C-E85D-4A4A-89BB-008F03753E78}.Release|Any CPU.ActiveCfg = Release|Any CPU
		{42FF6B4C-E85D-4A4A-89BB-008F03753E78}.Release|Any CPU.Build.0 = Release|Any CPU
		{42FF6B4C-E85D-4A4A-89BB-008F03753E78}.Release|x64.ActiveCfg = Release|Any CPU
		{42FF6B4C-E85D-4A4A-89BB-008F03753E78}.Release|x64.Build.0 = Release|Any CPU
		{42FF6B4C-E85D-4A4A-89BB-008F03753E78}.Release|x86.ActiveCfg = Release|Any CPU
		{42FF6B4C-E85D-4A4A-89BB-008F03753E78}.Release|x86.Build.0 = Release|Any CPU
		{4B797E53-4E42-463D-BB83-A9192D4D3DE0}.Debug|Any CPU.ActiveCfg = Debug|Any CPU
		{4B797E53-4E42-463D-BB83-A9192D4D3DE0}.Debug|Any CPU.Build.0 = Debug|Any CPU
		{4B797E53-4E42-463D-BB83-A9192D4D3DE0}.Debug|x64.ActiveCfg = Debug|Any CPU
		{4B797E53-4E42-463D-BB83-A9192D4D3DE0}.Debug|x64.Build.0 = Debug|Any CPU
		{4B797E53-4E42-463D-BB83-A9192D4D3DE0}.Debug|x86.ActiveCfg = Debug|Any CPU
		{4B797E53-4E42-463D-BB83-A9192D4D3DE0}.Debug|x86.Build.0 = Debug|Any CPU
		{4B797E53-4E42-463D-BB83-A9192D4D3DE0}.Release|Any CPU.ActiveCfg = Release|Any CPU
		{4B797E53-4E42-463D-BB83-A9192D4D3DE0}.Release|Any CPU.Build.0 = Release|Any CPU
		{4B797E53-4E42-463D-BB83-A9192D4D3DE0}.Release|x64.ActiveCfg = Release|Any CPU
		{4B797E53-4E42-463D-BB83-A9192D4D3DE0}.Release|x64.Build.0 = Release|Any CPU
		{4B797E53-4E42-463D-BB83-A9192D4D3DE0}.Release|x86.ActiveCfg = Release|Any CPU
		{4B797E53-4E42-463D-BB83-A9192D4D3DE0}.Release|x86.Build.0 = Release|Any CPU
		{B4C25303-98AD-45F8-9447-BAEB3454A96E}.Debug|Any CPU.ActiveCfg = Debug|Any CPU
		{B4C25303-98AD-45F8-9447-BAEB3454A96E}.Debug|Any CPU.Build.0 = Debug|Any CPU
		{B4C25303-98AD-45F8-9447-BAEB3454A96E}.Debug|x64.ActiveCfg = Debug|Any CPU
		{B4C25303-98AD-45F8-9447-BAEB3454A96E}.Debug|x64.Build.0 = Debug|Any CPU
		{B4C25303-98AD-45F8-9447-BAEB3454A96E}.Debug|x86.ActiveCfg = Debug|Any CPU
		{B4C25303-98AD-45F8-9447-BAEB3454A96E}.Debug|x86.Build.0 = Debug|Any CPU
		{B4C25303-98AD-45F8-9447-BAEB3454A96E}.Release|Any CPU.ActiveCfg = Release|Any CPU
		{B4C25303-98AD-45F8-9447-BAEB3454A96E}.Release|Any CPU.Build.0 = Release|Any CPU
		{B4C25303-98AD-45F8-9447-BAEB3454A96E}.Release|x64.ActiveCfg = Release|Any CPU
		{B4C25303-98AD-45F8-9447-BAEB3454A96E}.Release|x64.Build.0 = Release|Any CPU
		{B4C25303-98AD-45F8-9447-BAEB3454A96E}.Release|x86.ActiveCfg = Release|Any CPU
		{B4C25303-98AD-45F8-9447-BAEB3454A96E}.Release|x86.Build.0 = Release|Any CPU
		{0D9D5309-C2DB-40C3-ABE7-3148B70E9438}.Debug|Any CPU.ActiveCfg = Debug|Any CPU
		{0D9D5309-C2DB-40C3-ABE7-3148B70E9438}.Debug|Any CPU.Build.0 = Debug|Any CPU
		{0D9D5309-C2DB-40C3-ABE7-3148B70E9438}.Debug|x64.ActiveCfg = Debug|Any CPU
		{0D9D5309-C2DB-40C3-ABE7-3148B70E9438}.Debug|x64.Build.0 = Debug|Any CPU
		{0D9D5309-C2DB-40C3-ABE7-3148B70E9438}.Debug|x86.ActiveCfg = Debug|Any CPU
		{0D9D5309-C2DB-40C3-ABE7-3148B70E9438}.Debug|x86.Build.0 = Debug|Any CPU
		{0D9D5309-C2DB-40C3-ABE7-3148B70E9438}.Release|Any CPU.ActiveCfg = Release|Any CPU
		{0D9D5309-C2DB-40C3-ABE7-3148B70E9438}.Release|Any CPU.Build.0 = Release|Any CPU
		{0D9D5309-C2DB-40C3-ABE7-3148B70E9438}.Release|x64.ActiveCfg = Release|Any CPU
		{0D9D5309-C2DB-40C3-ABE7-3148B70E9438}.Release|x64.Build.0 = Release|Any CPU
		{0D9D5309-C2DB-40C3-ABE7-3148B70E9438}.Release|x86.ActiveCfg = Release|Any CPU
		{0D9D5309-C2DB-40C3-ABE7-3148B70E9438}.Release|x86.Build.0 = Release|Any CPU
		{44750167-19F8-4097-9A63-D9B12804FE59}.Debug|Any CPU.ActiveCfg = Debug|Any CPU
		{44750167-19F8-4097-9A63-D9B12804FE59}.Debug|Any CPU.Build.0 = Debug|Any CPU
		{44750167-19F8-4097-9A63-D9B12804FE59}.Debug|x64.ActiveCfg = Debug|Any CPU
		{44750167-19F8-4097-9A63-D9B12804FE59}.Debug|x64.Build.0 = Debug|Any CPU
		{44750167-19F8-4097-9A63-D9B12804FE59}.Debug|x86.ActiveCfg = Debug|Any CPU
		{44750167-19F8-4097-9A63-D9B12804FE59}.Debug|x86.Build.0 = Debug|Any CPU
		{44750167-19F8-4097-9A63-D9B12804FE59}.Release|Any CPU.ActiveCfg = Release|Any CPU
		{44750167-19F8-4097-9A63-D9B12804FE59}.Release|Any CPU.Build.0 = Release|Any CPU
		{44750167-19F8-4097-9A63-D9B12804FE59}.Release|x64.ActiveCfg = Release|Any CPU
		{44750167-19F8-4097-9A63-D9B12804FE59}.Release|x64.Build.0 = Release|Any CPU
		{44750167-19F8-4097-9A63-D9B12804FE59}.Release|x86.ActiveCfg = Release|Any CPU
		{44750167-19F8-4097-9A63-D9B12804FE59}.Release|x86.Build.0 = Release|Any CPU
		{AB76FE58-CCF0-4FA7-B2DB-F7590739686E}.Debug|Any CPU.ActiveCfg = Debug|Any CPU
		{AB76FE58-CCF0-4FA7-B2DB-F7590739686E}.Debug|Any CPU.Build.0 = Debug|Any CPU
		{AB76FE58-CCF0-4FA7-B2DB-F7590739686E}.Debug|x64.ActiveCfg = Debug|Any CPU
		{AB76FE58-CCF0-4FA7-B2DB-F7590739686E}.Debug|x64.Build.0 = Debug|Any CPU
		{AB76FE58-CCF0-4FA7-B2DB-F7590739686E}.Debug|x86.ActiveCfg = Debug|Any CPU
		{AB76FE58-CCF0-4FA7-B2DB-F7590739686E}.Debug|x86.Build.0 = Debug|Any CPU
		{AB76FE58-CCF0-4FA7-B2DB-F7590739686E}.Release|Any CPU.ActiveCfg = Release|Any CPU
		{AB76FE58-CCF0-4FA7-B2DB-F7590739686E}.Release|Any CPU.Build.0 = Release|Any CPU
		{AB76FE58-CCF0-4FA7-B2DB-F7590739686E}.Release|x64.ActiveCfg = Release|Any CPU
		{AB76FE58-CCF0-4FA7-B2DB-F7590739686E}.Release|x64.Build.0 = Release|Any CPU
		{AB76FE58-CCF0-4FA7-B2DB-F7590739686E}.Release|x86.ActiveCfg = Release|Any CPU
		{AB76FE58-CCF0-4FA7-B2DB-F7590739686E}.Release|x86.Build.0 = Release|Any CPU
		{87A5E86C-6249-405D-A31A-DA3A52622C58}.Debug|Any CPU.ActiveCfg = Debug|Any CPU
		{87A5E86C-6249-405D-A31A-DA3A52622C58}.Debug|Any CPU.Build.0 = Debug|Any CPU
		{87A5E86C-6249-405D-A31A-DA3A52622C58}.Debug|x64.ActiveCfg = Debug|Any CPU
		{87A5E86C-6249-405D-A31A-DA3A52622C58}.Debug|x64.Build.0 = Debug|Any CPU
		{87A5E86C-6249-405D-A31A-DA3A52622C58}.Debug|x86.ActiveCfg = Debug|Any CPU
		{87A5E86C-6249-405D-A31A-DA3A52622C58}.Debug|x86.Build.0 = Debug|Any CPU
		{87A5E86C-6249-405D-A31A-DA3A52622C58}.Release|Any CPU.ActiveCfg = Release|Any CPU
		{87A5E86C-6249-405D-A31A-DA3A52622C58}.Release|Any CPU.Build.0 = Release|Any CPU
		{87A5E86C-6249-405D-A31A-DA3A52622C58}.Release|x64.ActiveCfg = Release|Any CPU
		{87A5E86C-6249-405D-A31A-DA3A52622C58}.Release|x64.Build.0 = Release|Any CPU
		{87A5E86C-6249-405D-A31A-DA3A52622C58}.Release|x86.ActiveCfg = Release|Any CPU
		{87A5E86C-6249-405D-A31A-DA3A52622C58}.Release|x86.Build.0 = Release|Any CPU
		{BFC92DAD-A5B4-4DC9-A516-41BBEC5E63BD}.Debug|Any CPU.ActiveCfg = Debug|Any CPU
		{BFC92DAD-A5B4-4DC9-A516-41BBEC5E63BD}.Debug|Any CPU.Build.0 = Debug|Any CPU
		{BFC92DAD-A5B4-4DC9-A516-41BBEC5E63BD}.Debug|x64.ActiveCfg = Debug|Any CPU
		{BFC92DAD-A5B4-4DC9-A516-41BBEC5E63BD}.Debug|x64.Build.0 = Debug|Any CPU
		{BFC92DAD-A5B4-4DC9-A516-41BBEC5E63BD}.Debug|x86.ActiveCfg = Debug|Any CPU
		{BFC92DAD-A5B4-4DC9-A516-41BBEC5E63BD}.Debug|x86.Build.0 = Debug|Any CPU
		{BFC92DAD-A5B4-4DC9-A516-41BBEC5E63BD}.Release|Any CPU.ActiveCfg = Release|Any CPU
		{BFC92DAD-A5B4-4DC9-A516-41BBEC5E63BD}.Release|Any CPU.Build.0 = Release|Any CPU
		{BFC92DAD-A5B4-4DC9-A516-41BBEC5E63BD}.Release|x64.ActiveCfg = Release|Any CPU
		{BFC92DAD-A5B4-4DC9-A516-41BBEC5E63BD}.Release|x64.Build.0 = Release|Any CPU
		{BFC92DAD-A5B4-4DC9-A516-41BBEC5E63BD}.Release|x86.ActiveCfg = Release|Any CPU
		{BFC92DAD-A5B4-4DC9-A516-41BBEC5E63BD}.Release|x86.Build.0 = Release|Any CPU
		{0E042BE9-DA34-4C7C-AB10-4BBF6086364C}.Debug|Any CPU.ActiveCfg = Debug|Any CPU
		{0E042BE9-DA34-4C7C-AB10-4BBF6086364C}.Debug|Any CPU.Build.0 = Debug|Any CPU
		{0E042BE9-DA34-4C7C-AB10-4BBF6086364C}.Debug|x64.ActiveCfg = Debug|Any CPU
		{0E042BE9-DA34-4C7C-AB10-4BBF6086364C}.Debug|x64.Build.0 = Debug|Any CPU
		{0E042BE9-DA34-4C7C-AB10-4BBF6086364C}.Debug|x86.ActiveCfg = Debug|Any CPU
		{0E042BE9-DA34-4C7C-AB10-4BBF6086364C}.Debug|x86.Build.0 = Debug|Any CPU
		{0E042BE9-DA34-4C7C-AB10-4BBF6086364C}.Release|Any CPU.ActiveCfg = Release|Any CPU
		{0E042BE9-DA34-4C7C-AB10-4BBF6086364C}.Release|Any CPU.Build.0 = Release|Any CPU
		{0E042BE9-DA34-4C7C-AB10-4BBF6086364C}.Release|x64.ActiveCfg = Release|Any CPU
		{0E042BE9-DA34-4C7C-AB10-4BBF6086364C}.Release|x64.Build.0 = Release|Any CPU
		{0E042BE9-DA34-4C7C-AB10-4BBF6086364C}.Release|x86.ActiveCfg = Release|Any CPU
		{0E042BE9-DA34-4C7C-AB10-4BBF6086364C}.Release|x86.Build.0 = Release|Any CPU
		{3B1BD2C0-2645-47F0-A8DB-6D89853E3B92}.Debug|Any CPU.ActiveCfg = Debug|Any CPU
		{3B1BD2C0-2645-47F0-A8DB-6D89853E3B92}.Debug|Any CPU.Build.0 = Debug|Any CPU
		{3B1BD2C0-2645-47F0-A8DB-6D89853E3B92}.Debug|x64.ActiveCfg = Debug|Any CPU
		{3B1BD2C0-2645-47F0-A8DB-6D89853E3B92}.Debug|x64.Build.0 = Debug|Any CPU
		{3B1BD2C0-2645-47F0-A8DB-6D89853E3B92}.Debug|x86.ActiveCfg = Debug|Any CPU
		{3B1BD2C0-2645-47F0-A8DB-6D89853E3B92}.Debug|x86.Build.0 = Debug|Any CPU
		{3B1BD2C0-2645-47F0-A8DB-6D89853E3B92}.Release|Any CPU.ActiveCfg = Release|Any CPU
		{3B1BD2C0-2645-47F0-A8DB-6D89853E3B92}.Release|Any CPU.Build.0 = Release|Any CPU
		{3B1BD2C0-2645-47F0-A8DB-6D89853E3B92}.Release|x64.ActiveCfg = Release|Any CPU
		{3B1BD2C0-2645-47F0-A8DB-6D89853E3B92}.Release|x64.Build.0 = Release|Any CPU
		{3B1BD2C0-2645-47F0-A8DB-6D89853E3B92}.Release|x86.ActiveCfg = Release|Any CPU
		{3B1BD2C0-2645-47F0-A8DB-6D89853E3B92}.Release|x86.Build.0 = Release|Any CPU
		{AC1542FC-DFE7-427B-84A0-A4461747D224}.Debug|Any CPU.ActiveCfg = Debug|Any CPU
		{AC1542FC-DFE7-427B-84A0-A4461747D224}.Debug|Any CPU.Build.0 = Debug|Any CPU
		{AC1542FC-DFE7-427B-84A0-A4461747D224}.Debug|x64.ActiveCfg = Debug|Any CPU
		{AC1542FC-DFE7-427B-84A0-A4461747D224}.Debug|x64.Build.0 = Debug|Any CPU
		{AC1542FC-DFE7-427B-84A0-A4461747D224}.Debug|x86.ActiveCfg = Debug|Any CPU
		{AC1542FC-DFE7-427B-84A0-A4461747D224}.Debug|x86.Build.0 = Debug|Any CPU
		{AC1542FC-DFE7-427B-84A0-A4461747D224}.Release|Any CPU.ActiveCfg = Release|Any CPU
		{AC1542FC-DFE7-427B-84A0-A4461747D224}.Release|Any CPU.Build.0 = Release|Any CPU
		{AC1542FC-DFE7-427B-84A0-A4461747D224}.Release|x64.ActiveCfg = Release|Any CPU
		{AC1542FC-DFE7-427B-84A0-A4461747D224}.Release|x64.Build.0 = Release|Any CPU
		{AC1542FC-DFE7-427B-84A0-A4461747D224}.Release|x86.ActiveCfg = Release|Any CPU
		{AC1542FC-DFE7-427B-84A0-A4461747D224}.Release|x86.Build.0 = Release|Any CPU
		{AD225BBB-1832-40AB-8AF5-A780ABA9911C}.Debug|Any CPU.ActiveCfg = Debug|Any CPU
		{AD225BBB-1832-40AB-8AF5-A780ABA9911C}.Debug|Any CPU.Build.0 = Debug|Any CPU
		{AD225BBB-1832-40AB-8AF5-A780ABA9911C}.Debug|x64.ActiveCfg = Debug|x64
		{AD225BBB-1832-40AB-8AF5-A780ABA9911C}.Debug|x64.Build.0 = Debug|x64
		{AD225BBB-1832-40AB-8AF5-A780ABA9911C}.Debug|x86.ActiveCfg = Debug|x86
		{AD225BBB-1832-40AB-8AF5-A780ABA9911C}.Debug|x86.Build.0 = Debug|x86
		{AD225BBB-1832-40AB-8AF5-A780ABA9911C}.Release|Any CPU.ActiveCfg = Release|Any CPU
		{AD225BBB-1832-40AB-8AF5-A780ABA9911C}.Release|Any CPU.Build.0 = Release|Any CPU
		{AD225BBB-1832-40AB-8AF5-A780ABA9911C}.Release|x64.ActiveCfg = Release|x64
		{AD225BBB-1832-40AB-8AF5-A780ABA9911C}.Release|x64.Build.0 = Release|x64
		{AD225BBB-1832-40AB-8AF5-A780ABA9911C}.Release|x86.ActiveCfg = Release|x86
		{AD225BBB-1832-40AB-8AF5-A780ABA9911C}.Release|x86.Build.0 = Release|x86
		{D4C4C1CB-8F74-4DD3-82E0-64438CC243EE}.Debug|Any CPU.ActiveCfg = Debug|Any CPU
		{D4C4C1CB-8F74-4DD3-82E0-64438CC243EE}.Debug|Any CPU.Build.0 = Debug|Any CPU
		{D4C4C1CB-8F74-4DD3-82E0-64438CC243EE}.Debug|x64.ActiveCfg = Debug|x64
		{D4C4C1CB-8F74-4DD3-82E0-64438CC243EE}.Debug|x64.Build.0 = Debug|x64
		{D4C4C1CB-8F74-4DD3-82E0-64438CC243EE}.Debug|x86.ActiveCfg = Debug|x86
		{D4C4C1CB-8F74-4DD3-82E0-64438CC243EE}.Debug|x86.Build.0 = Debug|x86
		{D4C4C1CB-8F74-4DD3-82E0-64438CC243EE}.Release|Any CPU.ActiveCfg = Release|Any CPU
		{D4C4C1CB-8F74-4DD3-82E0-64438CC243EE}.Release|Any CPU.Build.0 = Release|Any CPU
		{D4C4C1CB-8F74-4DD3-82E0-64438CC243EE}.Release|x64.ActiveCfg = Release|x64
		{D4C4C1CB-8F74-4DD3-82E0-64438CC243EE}.Release|x64.Build.0 = Release|x64
		{D4C4C1CB-8F74-4DD3-82E0-64438CC243EE}.Release|x86.ActiveCfg = Release|x86
		{D4C4C1CB-8F74-4DD3-82E0-64438CC243EE}.Release|x86.Build.0 = Release|x86
		{1D4CC996-F7E6-4E01-B048-6FFF61D81383}.Debug|Any CPU.ActiveCfg = Debug|Any CPU
		{1D4CC996-F7E6-4E01-B048-6FFF61D81383}.Debug|Any CPU.Build.0 = Debug|Any CPU
		{1D4CC996-F7E6-4E01-B048-6FFF61D81383}.Debug|x64.ActiveCfg = Debug|Any CPU
		{1D4CC996-F7E6-4E01-B048-6FFF61D81383}.Debug|x64.Build.0 = Debug|Any CPU
		{1D4CC996-F7E6-4E01-B048-6FFF61D81383}.Debug|x86.ActiveCfg = Debug|Any CPU
		{1D4CC996-F7E6-4E01-B048-6FFF61D81383}.Debug|x86.Build.0 = Debug|Any CPU
		{1D4CC996-F7E6-4E01-B048-6FFF61D81383}.Release|Any CPU.ActiveCfg = Release|Any CPU
		{1D4CC996-F7E6-4E01-B048-6FFF61D81383}.Release|Any CPU.Build.0 = Release|Any CPU
		{1D4CC996-F7E6-4E01-B048-6FFF61D81383}.Release|x64.ActiveCfg = Release|Any CPU
		{1D4CC996-F7E6-4E01-B048-6FFF61D81383}.Release|x64.Build.0 = Release|Any CPU
		{1D4CC996-F7E6-4E01-B048-6FFF61D81383}.Release|x86.ActiveCfg = Release|Any CPU
		{1D4CC996-F7E6-4E01-B048-6FFF61D81383}.Release|x86.Build.0 = Release|Any CPU
		{49CBCE09-3911-4DDA-A767-67B8CBB61397}.Debug|Any CPU.ActiveCfg = Debug
		{49CBCE09-3911-4DDA-A767-67B8CBB61397}.Debug|x64.ActiveCfg = Debug
		{49CBCE09-3911-4DDA-A767-67B8CBB61397}.Debug|x86.ActiveCfg = Debug
		{49CBCE09-3911-4DDA-A767-67B8CBB61397}.Release|Any CPU.ActiveCfg = Release
		{49CBCE09-3911-4DDA-A767-67B8CBB61397}.Release|x64.ActiveCfg = Release
		{49CBCE09-3911-4DDA-A767-67B8CBB61397}.Release|x64.Build.0 = Release
		{49CBCE09-3911-4DDA-A767-67B8CBB61397}.Release|x86.ActiveCfg = Release
		{F2915467-6A95-4229-A194-9FF9E6221730}.Debug|Any CPU.ActiveCfg = Debug|Any CPU
		{F2915467-6A95-4229-A194-9FF9E6221730}.Debug|Any CPU.Build.0 = Debug|Any CPU
		{F2915467-6A95-4229-A194-9FF9E6221730}.Debug|x64.ActiveCfg = Debug|Any CPU
		{F2915467-6A95-4229-A194-9FF9E6221730}.Debug|x64.Build.0 = Debug|Any CPU
		{F2915467-6A95-4229-A194-9FF9E6221730}.Debug|x86.ActiveCfg = Debug|Any CPU
		{F2915467-6A95-4229-A194-9FF9E6221730}.Debug|x86.Build.0 = Debug|Any CPU
		{F2915467-6A95-4229-A194-9FF9E6221730}.Release|Any CPU.ActiveCfg = Release|Any CPU
		{F2915467-6A95-4229-A194-9FF9E6221730}.Release|Any CPU.Build.0 = Release|Any CPU
		{F2915467-6A95-4229-A194-9FF9E6221730}.Release|x64.ActiveCfg = Release|Any CPU
		{F2915467-6A95-4229-A194-9FF9E6221730}.Release|x64.Build.0 = Release|Any CPU
		{F2915467-6A95-4229-A194-9FF9E6221730}.Release|x86.ActiveCfg = Release|Any CPU
		{F2915467-6A95-4229-A194-9FF9E6221730}.Release|x86.Build.0 = Release|Any CPU
	EndGlobalSection
	GlobalSection(SolutionProperties) = preSolution
		HideSolutionNode = FALSE
	EndGlobalSection
	GlobalSection(NestedProjects) = preSolution
		{DE315639-93C5-43DB-96EC-EF794C0E2800} = {541B289F-EEAD-480B-B410-35844A4856EF}
		{E42B0F09-C460-463C-8CF3-B52BC2204A8A} = {DE315639-93C5-43DB-96EC-EF794C0E2800}
		{D8861CF8-C506-472B-8A57-632BD6CA6496} = {DE315639-93C5-43DB-96EC-EF794C0E2800}
		{235A071B-8D06-40AE-A5C5-B1CE59715EE9} = {DE315639-93C5-43DB-96EC-EF794C0E2800}
		{C7D35CB9-027C-411B-B9DA-82E032B657FD} = {541B289F-EEAD-480B-B410-35844A4856EF}
		{4225D4F0-1A59-4A1A-A63E-3222E67D5D02} = {541B289F-EEAD-480B-B410-35844A4856EF}
		{92D265DC-6882-4010-8097-59760E86E5AC} = {541B289F-EEAD-480B-B410-35844A4856EF}
		{4E9CDCCB-EF09-4718-B180-FEB9E27B53AD} = {541B289F-EEAD-480B-B410-35844A4856EF}
		{2B8FF4C2-64CF-47A9-AEC5-8A803F695F39} = {541B289F-EEAD-480B-B410-35844A4856EF}
		{F42AFF2B-842C-4794-826A-40268176698C} = {541B289F-EEAD-480B-B410-35844A4856EF}
		{DDA492B2-222E-4C74-85D4-61BD4BBB3DF6} = {541B289F-EEAD-480B-B410-35844A4856EF}
		{7C258C97-87D3-467B-A274-26C13072F041} = {541B289F-EEAD-480B-B410-35844A4856EF}
		{B70E80DA-57B2-47FA-B053-21F784869E77} = {541B289F-EEAD-480B-B410-35844A4856EF}
		{8DD5337C-4D84-42F1-B896-80300DE92D32} = {541B289F-EEAD-480B-B410-35844A4856EF}
		{4E15791E-E438-46F8-B0F5-EE729BD0F054} = {541B289F-EEAD-480B-B410-35844A4856EF}
		{82E4395A-C745-434A-9DCD-018518E12218} = {541B289F-EEAD-480B-B410-35844A4856EF}
		{1F0E7AC9-8789-4B7C-B59C-7090C6C014B5} = {541B289F-EEAD-480B-B410-35844A4856EF}
		{57DF6EA0-D23F-4BFC-88F5-E50938D9265B} = {541B289F-EEAD-480B-B410-35844A4856EF}
		{42FF6B4C-E85D-4A4A-89BB-008F03753E78} = {541B289F-EEAD-480B-B410-35844A4856EF}
		{4B797E53-4E42-463D-BB83-A9192D4D3DE0} = {541B289F-EEAD-480B-B410-35844A4856EF}
		{B4C25303-98AD-45F8-9447-BAEB3454A96E} = {541B289F-EEAD-480B-B410-35844A4856EF}
		{0D9D5309-C2DB-40C3-ABE7-3148B70E9438} = {541B289F-EEAD-480B-B410-35844A4856EF}
		{44750167-19F8-4097-9A63-D9B12804FE59} = {541B289F-EEAD-480B-B410-35844A4856EF}
		{AB76FE58-CCF0-4FA7-B2DB-F7590739686E} = {541B289F-EEAD-480B-B410-35844A4856EF}
		{87A5E86C-6249-405D-A31A-DA3A52622C58} = {07D15FA2-61FD-4BF6-BCD7-DCB2B8F6C6AF}
		{BFC92DAD-A5B4-4DC9-A516-41BBEC5E63BD} = {07D15FA2-61FD-4BF6-BCD7-DCB2B8F6C6AF}
		{0E042BE9-DA34-4C7C-AB10-4BBF6086364C} = {07D15FA2-61FD-4BF6-BCD7-DCB2B8F6C6AF}
		{3B1BD2C0-2645-47F0-A8DB-6D89853E3B92} = {07D15FA2-61FD-4BF6-BCD7-DCB2B8F6C6AF}
	EndGlobalSection
	GlobalSection(ExtensibilityGlobals) = postSolution
		SolutionGuid = {359E8CB9-2E35-495F-9ED9-1EF73C95BDCC}
	EndGlobalSection
	GlobalSection(SharedMSBuildProjectFiles) = preSolution
		Submodules\agg-sharp\Typography\Typography.OpenFont\Typography.OpenFont.projitems*{235a071b-8d06-40ae-a5c5-b1ce59715ee9}*SharedItemsImports = 13
		Submodules\agg-sharp\Typography\Typography.GlyphLayout\Typography.GlyphLayout.projitems*{d8861cf8-c506-472b-8a57-632bd6ca6496}*SharedItemsImports = 13
		Submodules\agg-sharp\Typography\Typography.GlyphLayout\Typography.GlyphLayout.projitems*{e42b0f09-c460-463c-8cf3-b52bc2204a8a}*SharedItemsImports = 5
		Submodules\agg-sharp\Typography\Typography.OpenFont\Typography.OpenFont.projitems*{e42b0f09-c460-463c-8cf3-b52bc2204a8a}*SharedItemsImports = 5
	EndGlobalSection
EndGlobal
